
Microsoft Visual Studio Solution File, Format Version 12.00
# Visual Studio Version 16
VisualStudioVersion = 16.0.31410.357
MinimumVisualStudioVersion = 10.0.40219.1
Project("{FAE04EC0-301F-11D3-BF4B-00C04F79EFBC}") = "tareaAbirArchivo", "tareaAbirArchivo\tareaAbirArchivo.csproj", "{49EA972F-5759-4812-B162-155A25E304A6}"
EndProject
Global
	GlobalSection(SolutionConfigurationPlatforms) = preSolution
		Debug|Any CPU = Debug|Any CPU
		Release|Any CPU = Release|Any CPU
	EndGlobalSection
	GlobalSection(ProjectConfigurationPlatforms) = postSolution
		{49EA972F-5759-4812-B162-155A25E304A6}.Debug|Any CPU.ActiveCfg = Debug|Any CPU
		{49EA972F-5759-4812-B162-155A25E304A6}.Debug|Any CPU.Build.0 = Debug|Any CPU
		{49EA972F-5759-4812-B162-155A25E304A6}.Release|Any CPU.ActiveCfg = Release|Any CPU
		{49EA972F-5759-4812-B162-155A25E304A6}.Release|Any CPU.Build.0 = Release|Any CPU
	EndGlobalSection
	GlobalSection(SolutionProperties) = preSolution
		HideSolutionNode = FALSE
	EndGlobalSection
	GlobalSection(ExtensibilityGlobals) = postSolution
		SolutionGuid = {E76ED965-B012-4594-8F86-58982D05E8AE}
	EndGlobalSection
EndGlobal
